{
  "name": "rp-charactersheet-scripts",
  "version": "1.0.0",
  "lockfileVersion": 1,
  "requires": true,
  "dependencies": {
    "@types/google-apps-script": {
      "version": "1.0.16",
      "resolved": "https://registry.npmjs.org/@types/google-apps-script/-/google-apps-script-1.0.16.tgz",
      "integrity": "sha512-Ps1d8hYsq0eGDPuFv/Jz+aS0/ZlxxR6cnwRZR9GSS+BOhQPVfv+SFVQDJjSjfi7pDGyghTU8JfRqavMxBRgjJA==",
      "dev": true
    },
    "clasp": {
      "version": "1.0.0",
      "resolved": "https://registry.npmjs.org/clasp/-/clasp-1.0.0.tgz",
      "integrity": "sha512-JkgxdZvYBtqIlGPvC5oRZ548eHpfx+81z5GXckpXcMkRTZDddkQfwK60w1YE32n8ovGoSW88pbsIvCPOKM6hyA==",
      "dev": true
    },
    "typescript": {
      "version": "4.0.3",
      "resolved": "https://registry.npmjs.org/typescript/-/typescript-4.0.3.tgz",
      "integrity": "sha512-tEu6DGxGgRJPb/mVPIZ48e69xCn2yRmCgYmDugAVwmJ6o+0u1RI18eO7E7WBTLYLaEVVOhwQmcdhQHweux/WPg==",
      "dev": true
    }
  }
}
