{
  "name": "rp-charactersheet-scripts",
  "version": "1.0.0",
  "lockfileVersion": 1,
  "requires": true,
  "dependencies": {
    "@types/google-apps-script": {
      "version": "0.0.62",
      "resolved": "https://registry.npmjs.org/@types/google-apps-script/-/google-apps-script-0.0.62.tgz",
      "integrity": "sha512-KFgKLEBLKOgstMjDIEADFFBKkwywcRShtWpNMHADbWmYRLgRYvtVpNCkwcGi/QRua0iYUByLy3UBiazd57o8Dg==",
      "dev": true
    },
    "clasp": {
      "version": "1.0.0",
      "resolved": "https://registry.npmjs.org/clasp/-/clasp-1.0.0.tgz",
      "integrity": "sha512-JkgxdZvYBtqIlGPvC5oRZ548eHpfx+81z5GXckpXcMkRTZDddkQfwK60w1YE32n8ovGoSW88pbsIvCPOKM6hyA==",
      "dev": true
    },
    "typescript": {
      "version": "3.6.3",
      "resolved": "https://registry.npmjs.org/typescript/-/typescript-3.6.3.tgz",
      "integrity": "sha512-N7bceJL1CtRQ2RiG0AQME13ksR7DiuQh/QehubYcghzv20tnh+MQnQIuJddTmsbqYj+dztchykemz0zFzlvdQw==",
      "dev": true
    }
  }
}
